{
  "name": "antelope",
  "version": "0.0.1",
  "lockfileVersion": 2,
  "requires": true,
  "packages": {
    "": {
      "name": "antelope",
      "version": "0.0.1",
      "dependencies": {
        "ng-zorro-antd": "^16.0.0",
        "tslib": "^2.3.0"
      },
      "peerDependencies": {
        "@angular/common": "^16.0.0",
        "@angular/core": "^16.0.0"
      }
    },
    "node_modules/@angular/animations": {
      "version": "16.1.1",
      "resolved": "https://registry.npmjs.org/@angular/animations/-/animations-16.1.1.tgz",
      "integrity": "sha512-Na+eGoLvek3rmIanqXdMJoVAxd00AfYsMoHzhAVuPQpbW1H3EGqMvbzPHf1WhP19yFZ9gXGV0rFZf1qieQPufA==",
      "peer": true,
      "dependencies": {
        "tslib": "^2.3.0"
      },
      "engines": {
        "node": "^16.14.0 || >=18.10.0"
      },
      "peerDependencies": {
        "@angular/core": "16.1.1"
      }
    },
    "node_modules/@angular/cdk": {
      "version": "16.1.1",
      "resolved": "https://registry.npmjs.org/@angular/cdk/-/cdk-16.1.1.tgz",
      "integrity": "sha512-nVIeooGspNLT8XySfGZ4e8HYO/TsFemrjNVKb3G9+7KxY4tvE5dkGbJjx5TStEQoSzjfNbCscO89lHIaQ7+aMA==",
      "dependencies": {
        "tslib": "^2.3.0"
      },
      "optionalDependencies": {
        "parse5": "^7.1.2"
      },
      "peerDependencies": {
        "@angular/common": "^16.0.0 || ^17.0.0",
        "@angular/core": "^16.0.0 || ^17.0.0",
        "rxjs": "^6.5.3 || ^7.4.0"
      }
    },
    "node_modules/@angular/common": {
      "version": "16.1.1",
      "resolved": "https://registry.npmjs.org/@angular/common/-/common-16.1.1.tgz",
      "integrity": "sha512-qsMYqk7U7IcuE8swJ7Sppv0MkYBTfzrsq5jfAaAZYw035Po5FfxkFrh/Pmgp7QZndCsO9H+03JLH03jzuIqfrw==",
      "peer": true,
      "dependencies": {
        "tslib": "^2.3.0"
      },
      "engines": {
        "node": "^16.14.0 || >=18.10.0"
      },
      "peerDependencies": {
        "@angular/core": "16.1.1",
        "rxjs": "^6.5.3 || ^7.4.0"
      }
    },
    "node_modules/@angular/core": {
      "version": "16.1.1",
      "resolved": "https://registry.npmjs.org/@angular/core/-/core-16.1.1.tgz",
      "integrity": "sha512-hi0O2Gc0L4PavczQweC9cxVfdemXj76wfJ3GjtUP+f9I4uKLBQ6/JABExRIoW9eY0rK5fZgYP0IeCYisW4gxnQ==",
      "peer": true,
      "dependencies": {
        "tslib": "^2.3.0"
      },
      "engines": {
        "node": "^16.14.0 || >=18.10.0"
      },
      "peerDependencies": {
        "rxjs": "^6.5.3 || ^7.4.0",
        "zone.js": "~0.13.0"
      }
    },
    "node_modules/@angular/forms": {
      "version": "16.1.1",
      "resolved": "https://registry.npmjs.org/@angular/forms/-/forms-16.1.1.tgz",
      "integrity": "sha512-vRpcy68MkudST7eV+pYpHsF0cXEfeAG3xGn1ntdkhydhMFPo+SwuZjzOT0OSq10Wdoerb4KI5eOesDLaLjmeJA==",
      "peer": true,
      "dependencies": {
        "tslib": "^2.3.0"
      },
      "engines": {
        "node": "^16.14.0 || >=18.10.0"
      },
      "peerDependencies": {
        "@angular/common": "16.1.1",
        "@angular/core": "16.1.1",
        "@angular/platform-browser": "16.1.1",
        "rxjs": "^6.5.3 || ^7.4.0"
      }
    },
    "node_modules/@angular/platform-browser": {
      "version": "16.1.1",
      "resolved": "https://registry.npmjs.org/@angular/platform-browser/-/platform-browser-16.1.1.tgz",
      "integrity": "sha512-9zeB64wbAsoun7+rP6G8e1TY+1nC0sEaGdLzBv9ohOrFgkl8XgM+uNDiwkDLsBJkv10d2n6Tw14M9GaCL9AhVw==",
      "peer": true,
      "dependencies": {
        "tslib": "^2.3.0"
      },
      "engines": {
        "node": "^16.14.0 || >=18.10.0"
      },
      "peerDependencies": {
        "@angular/animations": "16.1.1",
        "@angular/common": "16.1.1",
        "@angular/core": "16.1.1"
      },
      "peerDependenciesMeta": {
        "@angular/animations": {
          "optional": true
        }
      }
    },
    "node_modules/@angular/router": {
      "version": "16.1.1",
      "resolved": "https://registry.npmjs.org/@angular/router/-/router-16.1.1.tgz",
      "integrity": "sha512-02sTolkyPM/gJ9uJQtZkWujoi1LhH8qsIi2bexSC6cpNTeFnGyr7iFd1lWg+xDtV4PLPgH94Ai/aJN0DNg2I8Q==",
      "peer": true,
      "dependencies": {
        "tslib": "^2.3.0"
      },
      "engines": {
        "node": "^16.14.0 || >=18.10.0"
      },
      "peerDependencies": {
        "@angular/common": "16.1.1",
        "@angular/core": "16.1.1",
        "@angular/platform-browser": "16.1.1",
        "rxjs": "^6.5.3 || ^7.4.0"
      }
    },
    "node_modules/@ant-design/colors": {
      "version": "7.0.0",
      "resolved": "https://registry.npmjs.org/@ant-design/colors/-/colors-7.0.0.tgz",
      "integrity": "sha512-iVm/9PfGCbC0dSMBrz7oiEXZaaGH7ceU40OJEfKmyuzR9R5CRimJYPlRiFtMQGQcbNMea/ePcoIebi4ASGYXtg==",
      "dependencies": {
        "@ctrl/tinycolor": "^3.4.0"
      }
    },
    "node_modules/@ant-design/icons-angular": {
      "version": "16.0.0",
      "resolved": "https://registry.npmjs.org/@ant-design/icons-angular/-/icons-angular-16.0.0.tgz",
      "integrity": "sha512-KWBmWZl2so49R/MdAT7aG+xaBlMKl9SArR3Du/iPA0Am9GI1i9R89KgnnLWz+gkzHTye15S1IBXpgts4GPPU/w==",
      "dependencies": {
        "@ant-design/colors": "^7.0.0",
        "tslib": "^2.0.0"
      },
      "peerDependencies": {
        "@angular/common": "^16.0.0",
        "@angular/core": "^16.0.0",
        "@angular/platform-browser": "^16.0.0",
        "rxjs": "^6.4.0 || ^7.4.0"
      }
    },
    "node_modules/@babel/runtime": {
      "version": "7.22.5",
      "resolved": "https://registry.npmjs.org/@babel/runtime/-/runtime-7.22.5.tgz",
      "integrity": "sha512-ecjvYlnAaZ/KVneE/OdKYBYfgXV3Ptu6zQWmgEF7vwKhQnvVS6bjMD2XYgj+SNvQ1GfK/pjgokfPkC/2CO8CuA==",
      "dependencies": {
        "regenerator-runtime": "^0.13.11"
      },
      "engines": {
        "node": ">=6.9.0"
      }
    },
    "node_modules/@ctrl/tinycolor": {
      "version": "3.6.0",
      "resolved": "https://registry.npmjs.org/@ctrl/tinycolor/-/tinycolor-3.6.0.tgz",
      "integrity": "sha512-/Z3l6pXthq0JvMYdUFyX9j0MaCltlIn6mfh9jLyQwg5aPKxkyNa0PTHtU1AlFXLNk55ZuAeJRcpvq+tmLfKmaQ==",
      "engines": {
        "node": ">=10"
      }
    },
    "node_modules/date-fns": {
      "version": "2.30.0",
      "resolved": "https://registry.npmjs.org/date-fns/-/date-fns-2.30.0.tgz",
      "integrity": "sha512-fnULvOpxnC5/Vg3NCiWelDsLiUc9bRwAPs/+LfTLNvetFCtCTN+yQz15C/fs4AwX1R9K5GLtLfn8QW+dWisaAw==",
      "dependencies": {
        "@babel/runtime": "^7.21.0"
      },
      "engines": {
        "node": ">=0.11"
      },
      "funding": {
        "type": "opencollective",
        "url": "https://opencollective.com/date-fns"
      }
    },
    "node_modules/entities": {
      "version": "4.5.0",
      "resolved": "https://registry.npmjs.org/entities/-/entities-4.5.0.tgz",
      "integrity": "sha512-V0hjH4dGPh9Ao5p0MoRY6BVqtwCjhz6vI5LT8AJ55H+4g9/4vbHx1I54fS0XuclLhDHArPQCiMjDxjaL8fPxhw==",
      "optional": true,
      "engines": {
        "node": ">=0.12"
      },
      "funding": {
        "url": "https://github.com/fb55/entities?sponsor=1"
      }
    },
    "node_modules/ng-zorro-antd": {
      "version": "16.0.0",
      "resolved": "https://registry.npmjs.org/ng-zorro-antd/-/ng-zorro-antd-16.0.0.tgz",
      "integrity": "sha512-FthFq7lc0+wbPZoGLWAWLzGxx4njQQrDcuUImKS4EiF+z7iOaLsnRv+OKX34LOyg4dy6/TyVoI5Hnfa+cEBdDA==",
      "dependencies": {
        "@angular/cdk": "^16.0.0",
        "@ant-design/icons-angular": "^16.0.0",
        "date-fns": "^2.16.1",
        "tslib": "^2.3.0"
      },
      "peerDependencies": {
        "@angular/animations": "^16.0.0",
        "@angular/common": "^16.0.0",
        "@angular/core": "^16.0.0",
        "@angular/forms": "^16.0.0",
        "@angular/platform-browser": "^16.0.0",
        "@angular/router": "^16.0.0"
      }
    },
    "node_modules/parse5": {
      "version": "7.1.2",
      "resolved": "https://registry.npmjs.org/parse5/-/parse5-7.1.2.tgz",
      "integrity": "sha512-Czj1WaSVpaoj0wbhMzLmWD69anp2WH7FXMB9n1Sy8/ZFF9jolSQVMu1Ij5WIyGmcBmhk7EOndpO4mIpihVqAXw==",
      "optional": true,
      "dependencies": {
        "entities": "^4.4.0"
      },
      "funding": {
        "url": "https://github.com/inikulin/parse5?sponsor=1"
      }
    },
    "node_modules/regenerator-runtime": {
      "version": "0.13.11",
      "resolved": "https://registry.npmjs.org/regenerator-runtime/-/regenerator-runtime-0.13.11.tgz",
      "integrity": "sha512-kY1AZVr2Ra+t+piVaJ4gxaFaReZVH40AKNo7UCX6W+dEwBo/2oZJzqfuN1qLq1oL45o56cPaTXELwrTh8Fpggg=="
    },
    "node_modules/rxjs": {
      "version": "7.8.1",
      "resolved": "https://registry.npmjs.org/rxjs/-/rxjs-7.8.1.tgz",
      "integrity": "sha512-AA3TVj+0A2iuIoQkWEK/tqFjBq2j+6PO6Y0zJcvzLAFhEFIO3HL0vls9hWLncZbAAbK0mar7oZ4V079I/qPMxg==",
      "peer": true,
      "dependencies": {
        "tslib": "^2.1.0"
      }
    },
    "node_modules/tslib": {
      "version": "2.5.3",
      "resolved": "https://registry.npmjs.org/tslib/-/tslib-2.5.3.tgz",
      "integrity": "sha512-mSxlJJwl3BMEQCUNnxXBU9jP4JBktcEGhURcPR6VQVlnP0FdDEsIaz0C35dXNGLyRfrATNofF0F5p2KPxQgB+w=="
    },
    "node_modules/zone.js": {
      "version": "0.13.1",
      "resolved": "https://registry.npmjs.org/zone.js/-/zone.js-0.13.1.tgz",
      "integrity": "sha512-+bIeDAFEBYuXRuU3qGQvzdPap+N1zjM4KkBAiiQuVVCrHrhjDuY6VkUhNa5+U27+9w0q3fbKiMCbpJ0XzMmSWA==",
      "peer": true,
      "dependencies": {
        "tslib": "^2.3.0"
      }
    }
  },
  "dependencies": {
    "@angular/animations": {
      "version": "16.1.1",
      "resolved": "https://registry.npmjs.org/@angular/animations/-/animations-16.1.1.tgz",
      "integrity": "sha512-Na+eGoLvek3rmIanqXdMJoVAxd00AfYsMoHzhAVuPQpbW1H3EGqMvbzPHf1WhP19yFZ9gXGV0rFZf1qieQPufA==",
      "peer": true,
      "requires": {
        "tslib": "^2.3.0"
      }
    },
    "@angular/cdk": {
      "version": "16.1.1",
      "resolved": "https://registry.npmjs.org/@angular/cdk/-/cdk-16.1.1.tgz",
      "integrity": "sha512-nVIeooGspNLT8XySfGZ4e8HYO/TsFemrjNVKb3G9+7KxY4tvE5dkGbJjx5TStEQoSzjfNbCscO89lHIaQ7+aMA==",
      "requires": {
        "parse5": "^7.1.2",
        "tslib": "^2.3.0"
      }
    },
    "@angular/common": {
      "version": "16.1.1",
      "resolved": "https://registry.npmjs.org/@angular/common/-/common-16.1.1.tgz",
      "integrity": "sha512-qsMYqk7U7IcuE8swJ7Sppv0MkYBTfzrsq5jfAaAZYw035Po5FfxkFrh/Pmgp7QZndCsO9H+03JLH03jzuIqfrw==",
      "peer": true,
      "requires": {
        "tslib": "^2.3.0"
      }
    },
    "@angular/core": {
      "version": "16.1.1",
      "resolved": "https://registry.npmjs.org/@angular/core/-/core-16.1.1.tgz",
      "integrity": "sha512-hi0O2Gc0L4PavczQweC9cxVfdemXj76wfJ3GjtUP+f9I4uKLBQ6/JABExRIoW9eY0rK5fZgYP0IeCYisW4gxnQ==",
      "peer": true,
      "requires": {
        "tslib": "^2.3.0"
      }
    },
    "@angular/forms": {
      "version": "16.1.1",
      "resolved": "https://registry.npmjs.org/@angular/forms/-/forms-16.1.1.tgz",
      "integrity": "sha512-vRpcy68MkudST7eV+pYpHsF0cXEfeAG3xGn1ntdkhydhMFPo+SwuZjzOT0OSq10Wdoerb4KI5eOesDLaLjmeJA==",
      "peer": true,
      "requires": {
        "tslib": "^2.3.0"
      }
    },
    "@angular/platform-browser": {
      "version": "16.1.1",
      "resolved": "https://registry.npmjs.org/@angular/platform-browser/-/platform-browser-16.1.1.tgz",
      "integrity": "sha512-9zeB64wbAsoun7+rP6G8e1TY+1nC0sEaGdLzBv9ohOrFgkl8XgM+uNDiwkDLsBJkv10d2n6Tw14M9GaCL9AhVw==",
      "peer": true,
      "requires": {
        "tslib": "^2.3.0"
      }
    },
    "@angular/router": {
      "version": "16.1.1",
      "resolved": "https://registry.npmjs.org/@angular/router/-/router-16.1.1.tgz",
      "integrity": "sha512-02sTolkyPM/gJ9uJQtZkWujoi1LhH8qsIi2bexSC6cpNTeFnGyr7iFd1lWg+xDtV4PLPgH94Ai/aJN0DNg2I8Q==",
      "peer": true,
      "requires": {
        "tslib": "^2.3.0"
      }
    },
    "@ant-design/colors": {
      "version": "7.0.0",
      "resolved": "https://registry.npmjs.org/@ant-design/colors/-/colors-7.0.0.tgz",
      "integrity": "sha512-iVm/9PfGCbC0dSMBrz7oiEXZaaGH7ceU40OJEfKmyuzR9R5CRimJYPlRiFtMQGQcbNMea/ePcoIebi4ASGYXtg==",
      "requires": {
        "@ctrl/tinycolor": "^3.4.0"
      }
    },
    "@ant-design/icons-angular": {
      "version": "16.0.0",
      "resolved": "https://registry.npmjs.org/@ant-design/icons-angular/-/icons-angular-16.0.0.tgz",
      "integrity": "sha512-KWBmWZl2so49R/MdAT7aG+xaBlMKl9SArR3Du/iPA0Am9GI1i9R89KgnnLWz+gkzHTye15S1IBXpgts4GPPU/w==",
      "requires": {
        "@ant-design/colors": "^7.0.0",
        "tslib": "^2.0.0"
      }
    },
    "@babel/runtime": {
      "version": "7.22.5",
      "resolved": "https://registry.npmjs.org/@babel/runtime/-/runtime-7.22.5.tgz",
      "integrity": "sha512-ecjvYlnAaZ/KVneE/OdKYBYfgXV3Ptu6zQWmgEF7vwKhQnvVS6bjMD2XYgj+SNvQ1GfK/pjgokfPkC/2CO8CuA==",
      "requires": {
        "regenerator-runtime": "^0.13.11"
      }
    },
    "@ctrl/tinycolor": {
      "version": "3.6.0",
      "resolved": "https://registry.npmjs.org/@ctrl/tinycolor/-/tinycolor-3.6.0.tgz",
      "integrity": "sha512-/Z3l6pXthq0JvMYdUFyX9j0MaCltlIn6mfh9jLyQwg5aPKxkyNa0PTHtU1AlFXLNk55ZuAeJRcpvq+tmLfKmaQ=="
    },
    "date-fns": {
      "version": "2.30.0",
      "resolved": "https://registry.npmjs.org/date-fns/-/date-fns-2.30.0.tgz",
      "integrity": "sha512-fnULvOpxnC5/Vg3NCiWelDsLiUc9bRwAPs/+LfTLNvetFCtCTN+yQz15C/fs4AwX1R9K5GLtLfn8QW+dWisaAw==",
      "requires": {
        "@babel/runtime": "^7.21.0"
      }
    },
    "entities": {
      "version": "4.5.0",
      "resolved": "https://registry.npmjs.org/entities/-/entities-4.5.0.tgz",
      "integrity": "sha512-V0hjH4dGPh9Ao5p0MoRY6BVqtwCjhz6vI5LT8AJ55H+4g9/4vbHx1I54fS0XuclLhDHArPQCiMjDxjaL8fPxhw==",
      "optional": true
    },
    "ng-zorro-antd": {
      "version": "16.0.0",
      "resolved": "https://registry.npmjs.org/ng-zorro-antd/-/ng-zorro-antd-16.0.0.tgz",
      "integrity": "sha512-FthFq7lc0+wbPZoGLWAWLzGxx4njQQrDcuUImKS4EiF+z7iOaLsnRv+OKX34LOyg4dy6/TyVoI5Hnfa+cEBdDA==",
      "requires": {
        "@angular/cdk": "^16.0.0",
        "@ant-design/icons-angular": "^16.0.0",
        "date-fns": "^2.16.1",
        "tslib": "^2.3.0"
      }
    },
    "parse5": {
      "version": "7.1.2",
      "resolved": "https://registry.npmjs.org/parse5/-/parse5-7.1.2.tgz",
      "integrity": "sha512-Czj1WaSVpaoj0wbhMzLmWD69anp2WH7FXMB9n1Sy8/ZFF9jolSQVMu1Ij5WIyGmcBmhk7EOndpO4mIpihVqAXw==",
      "optional": true,
      "requires": {
        "entities": "^4.4.0"
      }
    },
    "regenerator-runtime": {
      "version": "0.13.11",
      "resolved": "https://registry.npmjs.org/regenerator-runtime/-/regenerator-runtime-0.13.11.tgz",
      "integrity": "sha512-kY1AZVr2Ra+t+piVaJ4gxaFaReZVH40AKNo7UCX6W+dEwBo/2oZJzqfuN1qLq1oL45o56cPaTXELwrTh8Fpggg=="
    },
    "rxjs": {
      "version": "7.8.1",
      "resolved": "https://registry.npmjs.org/rxjs/-/rxjs-7.8.1.tgz",
      "integrity": "sha512-AA3TVj+0A2iuIoQkWEK/tqFjBq2j+6PO6Y0zJcvzLAFhEFIO3HL0vls9hWLncZbAAbK0mar7oZ4V079I/qPMxg==",
      "peer": true,
      "requires": {
        "tslib": "^2.1.0"
      }
    },
    "tslib": {
      "version": "2.5.3",
      "resolved": "https://registry.npmjs.org/tslib/-/tslib-2.5.3.tgz",
      "integrity": "sha512-mSxlJJwl3BMEQCUNnxXBU9jP4JBktcEGhURcPR6VQVlnP0FdDEsIaz0C35dXNGLyRfrATNofF0F5p2KPxQgB+w=="
    },
    "zone.js": {
      "version": "0.13.1",
      "resolved": "https://registry.npmjs.org/zone.js/-/zone.js-0.13.1.tgz",
      "integrity": "sha512-+bIeDAFEBYuXRuU3qGQvzdPap+N1zjM4KkBAiiQuVVCrHrhjDuY6VkUhNa5+U27+9w0q3fbKiMCbpJ0XzMmSWA==",
      "peer": true,
      "requires": {
        "tslib": "^2.3.0"
      }
    }
  }
}
